{
  "originHash" : "5d7839d2db0f72da269a200bba59f8466a3ef6d1fc27ac6403995a6297eb32df",
  "pins" : [
    {
      "identity" : "realm-core",
      "kind" : "remoteSourceControl",
      "location" : "https://github.com/realm/realm-core.git",
      "state" : {
        "revision" : "85eeca41654cc9070ad81a21a4b1d153ad467c33",
        "version" : "14.13.1"
      }
    },
    {
      "identity" : "realm-swift",
      "kind" : "remoteSourceControl",
      "location" : "https://github.com/realm/realm-swift.git",
      "state" : {
        "branch" : "master",
        "revision" : "1f09fb14dd9d275b5686016fe8508d491b87cb0b"
      }
    },
    {
      "identity" : "swiftycrop",
      "kind" : "remoteSourceControl",
      "location" : "https://github.com/benedom/SwiftyCrop.git",
      "state" : {
        "branch" : "master",
        "revision" : "d07b19085919a0b2adf95cf0ebe8de38ab63ea45"
      }
    }
  ],
  "version" : 3
}
